
Microsoft Visual Studio Solution File, Format Version 12.00
# Visual Studio Version 16
VisualStudioVersion = 16.0.29215.179
MinimumVisualStudioVersion = 10.0.40219.1
Project("{FAE04EC0-301F-11D3-BF4B-00C04F79EFBC}") = "лаба 4", "лаба 4\лаба 4.csproj", "{3DE4137E-31E6-4CC3-A453-21E4BBEE0202}"
EndProject
Global
	GlobalSection(SolutionConfigurationPlatforms) = preSolution
		Debug|Any CPU = Debug|Any CPU
		Release|Any CPU = Release|Any CPU
	EndGlobalSection
	GlobalSection(ProjectConfigurationPlatforms) = postSolution
		{3DE4137E-31E6-4CC3-A453-21E4BBEE0202}.Debug|Any CPU.ActiveCfg = Debug|Any CPU
		{3DE4137E-31E6-4CC3-A453-21E4BBEE0202}.Debug|Any CPU.Build.0 = Debug|Any CPU
		{3DE4137E-31E6-4CC3-A453-21E4BBEE0202}.Release|Any CPU.ActiveCfg = Release|Any CPU
		{3DE4137E-31E6-4CC3-A453-21E4BBEE0202}.Release|Any CPU.Build.0 = Release|Any CPU
	EndGlobalSection
	GlobalSection(SolutionProperties) = preSolution
		HideSolutionNode = FALSE
	EndGlobalSection
	GlobalSection(ExtensibilityGlobals) = postSolution
		SolutionGuid = {33221A99-1EAB-4945-B3E2-964DE24B4FC6}
	EndGlobalSection
EndGlobal
